{
  "nodes": {
    "nixpkgs": {
      "locked": {
        "lastModified": 1699155732,
        "narHash": "sha256-Wg4RmOGUEO4YCF0fEc/qiQ/3+BGC/f0qywIE8xEkIpY=",
        "owner": "NixOS",
        "repo": "nixpkgs",
        "rev": "15492ddc2974ba426ea7e17116ea7aa44fc96dcd",
        "type": "github"
      },
      "original": {
        "id": "nixpkgs",
        "ref": "nixpkgs-unstable",
        "type": "indirect"
      }
    },
    "nixpkgs2": {
      "locked": {
        "lastModified": 1690561639,
        "narHash": "sha256-WomstrjsDlyKF+rEn0TeaJEQXC+ugJuZU4uqlHh2WI8=",
        "owner": "ncfavier",
        "repo": "nixpkgs",
        "rev": "37252eb4115df6ecb13c062af1e10d89f667bbfe",
        "type": "github"
      },
      "original": {
        "owner": "ncfavier",
        "ref": "ghc98",
        "repo": "nixpkgs",
        "type": "github"
      }
    },
    "root": {
      "inputs": {
        "nixpkgs": "nixpkgs",
        "nixpkgs2": "nixpkgs2"
      }
    }
  },
  "root": "root",
  "version": 7
}
